
Microsoft Visual Studio Solution File, Format Version 12.00
# Visual Studio Version 17
VisualStudioVersion = 17.14.36429.23
MinimumVisualStudioVersion = 10.0.40219.1
Project("{2150E333-8FDC-42A3-9474-1A3956D46DE8}") = "Task0", "Task0", "{02EA681E-C7D8-13C7-8484-4AC65E1B71E8}"
EndProject
Project("{FAE04EC0-301F-11D3-BF4B-00C04F79EFBC}") = "Tyuiu.RogozinaMA.Sprint0.Task0.V0", "Tyuiu.RogozinaMA.Sprint0.Task0.V0\Tyuiu.RogozinaMA.Sprint0.Task0.V0.csproj", "{5404F0B4-960D-4D98-8FED-611873B6672C}"
EndProject
Project("{2150E333-8FDC-42A3-9474-1A3956D46DE8}") = "Task1", "Task1", "{15DDC2B5-90B7-4363-8513-D3D39A12922E}"
EndProject
Project("{FAE04EC0-301F-11D3-BF4B-00C04F79EFBC}") = "Tyuiu.RogozinaMA.Sprint0.Task1.V0", "Tyuiu.RogozinaMA.Sprint0.Task1.V0\Tyuiu.RogozinaMA.Sprint0.Task1.V0.csproj", "{A5BFCC47-B7E8-4B14-9BB0-454B7F962775}"
EndProject
Project("{2150E333-8FDC-42A3-9474-1A3956D46DE8}") = "Task2", "Task2", "{CCF83292-9252-4FAB-9966-3D4DA16AC41B}"
EndProject
Project("{FAE04EC0-301F-11D3-BF4B-00C04F79EFBC}") = "Tyuiu.RogozinaMA.Sprint0.Task2.V0", "Tyuiu.RogozinaMA.Sprint0.Task2.V0\Tyuiu.RogozinaMA.Sprint0.Task2.V0.csproj", "{7EF2FD04-FE75-40F6-8745-81036F3EB868}"
EndProject
Project("{FAE04EC0-301F-11D3-BF4B-00C04F79EFBC}") = "Tyuiu.RogozinaMA.Sprint0.Task2.V0.Lib", "Tyuiu.RogozinaMA.Sprint0.Task2.V0.Lib\Tyuiu.RogozinaMA.Sprint0.Task2.V0.Lib.csproj", "{CFAE283E-3896-4861-AC2B-F065E5500F49}"
EndProject
Project("{FAE04EC0-301F-11D3-BF4B-00C04F79EFBC}") = "Tyuiu.RogozinaMA.Sprint0.Task2.V0.Test", "Tyuiu.RogozinaMA.Sprint0.Task2.V0.Test\Tyuiu.RogozinaMA.Sprint0.Task2.V0.Test.csproj", "{37E1860C-814F-45F6-9168-C605795F32F7}"
EndProject
Project("{2150E333-8FDC-42A3-9474-1A3956D46DE8}") = "Task3", "Task3", "{C4593B7E-03EF-4E86-A770-71598F66916F}"
EndProject
Project("{FAE04EC0-301F-11D3-BF4B-00C04F79EFBC}") = "Tyuiu.RogozinaMA.Sprint0.Task3.V0", "Tyuiu.RogozinaMA.Sprint0.Task3.V0\Tyuiu.RogozinaMA.Sprint0.Task3.V0.csproj", "{13705F7D-A6E1-4F59-AEAC-67A72B6F35F1}"
EndProject
Project("{FAE04EC0-301F-11D3-BF4B-00C04F79EFBC}") = "Tyuiu.RogozinaMA.Sprint0.Task3.V0.Lib", "Tyuiu.RogozinaMA.Sprint0.Task3.V0.Lib\Tyuiu.RogozinaMA.Sprint0.Task3.V0.Lib.csproj", "{31442619-69C1-4BDE-82EA-6DE24AD55651}"
EndProject
Project("{FAE04EC0-301F-11D3-BF4B-00C04F79EFBC}") = "Tyuiu.RogozinaMA.Sprint0.Task3.V0.Test", "Tyuiu.RogozinaMA.Sprint0.Task3.V0.Test\Tyuiu.RogozinaMA.Sprint0.Task3.V0.Test.csproj", "{807F7CC7-1991-4512-BA71-1755A23810F7}"
EndProject
Project("{2150E333-8FDC-42A3-9474-1A3956D46DE8}") = "Task4", "Task4", "{5B86744E-74A9-490C-8CF9-61D53CCBFF46}"
EndProject
Project("{FAE04EC0-301F-11D3-BF4B-00C04F79EFBC}") = "Tyuiu.RogozinaMA.Sprint0.Task4.V0", "Tyuiu.RogozinaMA.Sprint0.Task4.V0\Tyuiu.RogozinaMA.Sprint0.Task4.V0.csproj", "{23BA0525-0FD8-4510-8254-68B193146545}"
EndProject
Project("{FAE04EC0-301F-11D3-BF4B-00C04F79EFBC}") = "Tyuiu.RogozinaMA.Sprint0.Task4.V0.Lib", "Tyuiu.RogozinaMA.Sprint0.Task4.V0.Lib\Tyuiu.RogozinaMA.Sprint0.Task4.V0.Lib.csproj", "{358514CD-A3B9-40AD-A9DF-21899E6F69BB}"
EndProject
Project("{FAE04EC0-301F-11D3-BF4B-00C04F79EFBC}") = "Tyuiu.RogozinaMA.Sprint0.Task4.V0.Test", "Tyuiu.RogozinaMA.Sprint0.Task4.V0.Test\Tyuiu.RogozinaMA.Sprint0.Task4.V0.Test.csproj", "{6C5C9D03-9859-45CE-BFEB-092A617C45A5}"
EndProject
Project("{2150E333-8FDC-42A3-9474-1A3956D46DE8}") = "Task5", "Task5", "{ABC685E5-9B6F-4DC2-8C76-2B9E5FA93DCC}"
EndProject
Project("{FAE04EC0-301F-11D3-BF4B-00C04F79EFBC}") = "Tyuiu.RogozinaMA.Sprint0.Task5.V0", "Tyuiu.RogozinaMA.Sprint0.Task5.V0\Tyuiu.RogozinaMA.Sprint0.Task5.V0.csproj", "{31C8A543-6725-4573-94EA-6979DAD42982}"
EndProject
Project("{FAE04EC0-301F-11D3-BF4B-00C04F79EFBC}") = "Tyuiu.RogozinaMA.Sprint0.Task5.V0.Lib", "Tyuiu.RogozinaMA.Sprint0.Task5.V0.Lib\Tyuiu.RogozinaMA.Sprint0.Task5.V0.Lib.csproj", "{308E028F-60FE-4ED4-9E6A-3FAFA5BBDBA1}"
EndProject
Project("{FAE04EC0-301F-11D3-BF4B-00C04F79EFBC}") = "Tyuiu.RogozinaMA.Sprint0.Task5.V0.Test", "Tyuiu.RogozinaMA.Sprint0.Task5.V0.Test\Tyuiu.RogozinaMA.Sprint0.Task5.V0.Test.csproj", "{C5AA5467-6E15-435E-86CB-1A603EED0128}"
EndProject
Global
	GlobalSection(SolutionConfigurationPlatforms) = preSolution
		Debug|Any CPU = Debug|Any CPU
		Release|Any CPU = Release|Any CPU
	EndGlobalSection
	GlobalSection(ProjectConfigurationPlatforms) = postSolution
		{5404F0B4-960D-4D98-8FED-611873B6672C}.Debug|Any CPU.ActiveCfg = Debug|Any CPU
		{5404F0B4-960D-4D98-8FED-611873B6672C}.Debug|Any CPU.Build.0 = Debug|Any CPU
		{5404F0B4-960D-4D98-8FED-611873B6672C}.Release|Any CPU.ActiveCfg = Release|Any CPU
		{5404F0B4-960D-4D98-8FED-611873B6672C}.Release|Any CPU.Build.0 = Release|Any CPU
		{A5BFCC47-B7E8-4B14-9BB0-454B7F962775}.Debug|Any CPU.ActiveCfg = Debug|Any CPU
		{A5BFCC47-B7E8-4B14-9BB0-454B7F962775}.Debug|Any CPU.Build.0 = Debug|Any CPU
		{A5BFCC47-B7E8-4B14-9BB0-454B7F962775}.Release|Any CPU.ActiveCfg = Release|Any CPU
		{A5BFCC47-B7E8-4B14-9BB0-454B7F962775}.Release|Any CPU.Build.0 = Release|Any CPU
		{7EF2FD04-FE75-40F6-8745-81036F3EB868}.Debug|Any CPU.ActiveCfg = Debug|Any CPU
		{7EF2FD04-FE75-40F6-8745-81036F3EB868}.Debug|Any CPU.Build.0 = Debug|Any CPU
		{7EF2FD04-FE75-40F6-8745-81036F3EB868}.Release|Any CPU.ActiveCfg = Release|Any CPU
		{7EF2FD04-FE75-40F6-8745-81036F3EB868}.Release|Any CPU.Build.0 = Release|Any CPU
		{CFAE283E-3896-4861-AC2B-F065E5500F49}.Debug|Any CPU.ActiveCfg = Debug|Any CPU
		{CFAE283E-3896-4861-AC2B-F065E5500F49}.Debug|Any CPU.Build.0 = Debug|Any CPU
		{CFAE283E-3896-4861-AC2B-F065E5500F49}.Release|Any CPU.ActiveCfg = Release|Any CPU
		{CFAE283E-3896-4861-AC2B-F065E5500F49}.Release|Any CPU.Build.0 = Release|Any CPU
		{37E1860C-814F-45F6-9168-C605795F32F7}.Debug|Any CPU.ActiveCfg = Debug|Any CPU
		{37E1860C-814F-45F6-9168-C605795F32F7}.Debug|Any CPU.Build.0 = Debug|Any CPU
		{37E1860C-814F-45F6-9168-C605795F32F7}.Release|Any CPU.ActiveCfg = Release|Any CPU
		{37E1860C-814F-45F6-9168-C605795F32F7}.Release|Any CPU.Build.0 = Release|Any CPU
		{13705F7D-A6E1-4F59-AEAC-67A72B6F35F1}.Debug|Any CPU.ActiveCfg = Debug|Any CPU
		{13705F7D-A6E1-4F59-AEAC-67A72B6F35F1}.Debug|Any CPU.Build.0 = Debug|Any CPU
		{13705F7D-A6E1-4F59-AEAC-67A72B6F35F1}.Release|Any CPU.ActiveCfg = Release|Any CPU
		{13705F7D-A6E1-4F59-AEAC-67A72B6F35F1}.Release|Any CPU.Build.0 = Release|Any CPU
		{31442619-69C1-4BDE-82EA-6DE24AD55651}.Debug|Any CPU.ActiveCfg = Debug|Any CPU
		{31442619-69C1-4BDE-82EA-6DE24AD55651}.Debug|Any CPU.Build.0 = Debug|Any CPU
		{31442619-69C1-4BDE-82EA-6DE24AD55651}.Release|Any CPU.ActiveCfg = Release|Any CPU
		{31442619-69C1-4BDE-82EA-6DE24AD55651}.Release|Any CPU.Build.0 = Release|Any CPU
		{807F7CC7-1991-4512-BA71-1755A23810F7}.Debug|Any CPU.ActiveCfg = Debug|Any CPU
		{807F7CC7-1991-4512-BA71-1755A23810F7}.Debug|Any CPU.Build.0 = Debug|Any CPU
		{807F7CC7-1991-4512-BA71-1755A23810F7}.Release|Any CPU.ActiveCfg = Release|Any CPU
		{807F7CC7-1991-4512-BA71-1755A23810F7}.Release|Any CPU.Build.0 = Release|Any CPU
		{23BA0525-0FD8-4510-8254-68B193146545}.Debug|Any CPU.ActiveCfg = Debug|Any CPU
		{23BA0525-0FD8-4510-8254-68B193146545}.Debug|Any CPU.Build.0 = Debug|Any CPU
		{23BA0525-0FD8-4510-8254-68B193146545}.Release|Any CPU.ActiveCfg = Release|Any CPU
		{23BA0525-0FD8-4510-8254-68B193146545}.Release|Any CPU.Build.0 = Release|Any CPU
		{358514CD-A3B9-40AD-A9DF-21899E6F69BB}.Debug|Any CPU.ActiveCfg = Debug|Any CPU
		{358514CD-A3B9-40AD-A9DF-21899E6F69BB}.Debug|Any CPU.Build.0 = Debug|Any CPU
		{358514CD-A3B9-40AD-A9DF-21899E6F69BB}.Release|Any CPU.ActiveCfg = Release|Any CPU
		{358514CD-A3B9-40AD-A9DF-21899E6F69BB}.Release|Any CPU.Build.0 = Release|Any CPU
		{6C5C9D03-9859-45CE-BFEB-092A617C45A5}.Debug|Any CPU.ActiveCfg = Debug|Any CPU
		{6C5C9D03-9859-45CE-BFEB-092A617C45A5}.Debug|Any CPU.Build.0 = Debug|Any CPU
		{6C5C9D03-9859-45CE-BFEB-092A617C45A5}.Release|Any CPU.ActiveCfg = Release|Any CPU
		{6C5C9D03-9859-45CE-BFEB-092A617C45A5}.Release|Any CPU.Build.0 = Release|Any CPU
		{31C8A543-6725-4573-94EA-6979DAD42982}.Debug|Any CPU.ActiveCfg = Debug|Any CPU
		{31C8A543-6725-4573-94EA-6979DAD42982}.Debug|Any CPU.Build.0 = Debug|Any CPU
		{31C8A543-6725-4573-94EA-6979DAD42982}.Release|Any CPU.ActiveCfg = Release|Any CPU
		{31C8A543-6725-4573-94EA-6979DAD42982}.Release|Any CPU.Build.0 = Release|Any CPU
		{308E028F-60FE-4ED4-9E6A-3FAFA5BBDBA1}.Debug|Any CPU.ActiveCfg = Debug|Any CPU
		{308E028F-60FE-4ED4-9E6A-3FAFA5BBDBA1}.Debug|Any CPU.Build.0 = Debug|Any CPU
		{308E028F-60FE-4ED4-9E6A-3FAFA5BBDBA1}.Release|Any CPU.ActiveCfg = Release|Any CPU
		{308E028F-60FE-4ED4-9E6A-3FAFA5BBDBA1}.Release|Any CPU.Build.0 = Release|Any CPU
		{C5AA5467-6E15-435E-86CB-1A603EED0128}.Debug|Any CPU.ActiveCfg = Debug|Any CPU
		{C5AA5467-6E15-435E-86CB-1A603EED0128}.Debug|Any CPU.Build.0 = Debug|Any CPU
		{C5AA5467-6E15-435E-86CB-1A603EED0128}.Release|Any CPU.ActiveCfg = Release|Any CPU
		{C5AA5467-6E15-435E-86CB-1A603EED0128}.Release|Any CPU.Build.0 = Release|Any CPU
	EndGlobalSection
	GlobalSection(SolutionProperties) = preSolution
		HideSolutionNode = FALSE
	EndGlobalSection
	GlobalSection(NestedProjects) = preSolution
		{5404F0B4-960D-4D98-8FED-611873B6672C} = {02EA681E-C7D8-13C7-8484-4AC65E1B71E8}
		{A5BFCC47-B7E8-4B14-9BB0-454B7F962775} = {15DDC2B5-90B7-4363-8513-D3D39A12922E}
		{7EF2FD04-FE75-40F6-8745-81036F3EB868} = {CCF83292-9252-4FAB-9966-3D4DA16AC41B}
		{CFAE283E-3896-4861-AC2B-F065E5500F49} = {CCF83292-9252-4FAB-9966-3D4DA16AC41B}
		{37E1860C-814F-45F6-9168-C605795F32F7} = {CCF83292-9252-4FAB-9966-3D4DA16AC41B}
		{13705F7D-A6E1-4F59-AEAC-67A72B6F35F1} = {C4593B7E-03EF-4E86-A770-71598F66916F}
		{31442619-69C1-4BDE-82EA-6DE24AD55651} = {C4593B7E-03EF-4E86-A770-71598F66916F}
		{807F7CC7-1991-4512-BA71-1755A23810F7} = {C4593B7E-03EF-4E86-A770-71598F66916F}
		{23BA0525-0FD8-4510-8254-68B193146545} = {5B86744E-74A9-490C-8CF9-61D53CCBFF46}
		{358514CD-A3B9-40AD-A9DF-21899E6F69BB} = {5B86744E-74A9-490C-8CF9-61D53CCBFF46}
		{6C5C9D03-9859-45CE-BFEB-092A617C45A5} = {5B86744E-74A9-490C-8CF9-61D53CCBFF46}
		{31C8A543-6725-4573-94EA-6979DAD42982} = {ABC685E5-9B6F-4DC2-8C76-2B9E5FA93DCC}
		{308E028F-60FE-4ED4-9E6A-3FAFA5BBDBA1} = {ABC685E5-9B6F-4DC2-8C76-2B9E5FA93DCC}
		{C5AA5467-6E15-435E-86CB-1A603EED0128} = {ABC685E5-9B6F-4DC2-8C76-2B9E5FA93DCC}
	EndGlobalSection
	GlobalSection(ExtensibilityGlobals) = postSolution
		SolutionGuid = {11E65BC9-F14B-4C76-804A-FB68D960C3DB}
	EndGlobalSection
EndGlobal
